# This file is automatically @generated by Poetry 1.8.3 and should not be changed by hand.

[[package]]
name = "perfetto"
version = "0.11.0"
description = "Python API for Perfetto's Trace Processor"
optional = false
python-versions = "*"
files = [
    {file = "perfetto-0.11.0.tar.gz", hash = "sha256:eea8d1ca8bec12c55d33c9db5b6e0ea380f06c2a318472ca319a956c2aec67f1"},
]

[package.dependencies]
protobuf = "*"

[[package]]
name = "protobuf"
version = "5.29.1"
description = ""
optional = false
python-versions = ">=3.8"
files = [
    {file = "protobuf-5.29.1-cp310-abi3-win32.whl", hash = "sha256:22c1f539024241ee545cbcb00ee160ad1877975690b16656ff87dde107b5f110"},
    {file = "protobuf-5.29.1-cp310-abi3-win_amd64.whl", hash = "sha256:1fc55267f086dd4050d18ef839d7bd69300d0d08c2a53ca7df3920cc271a3c34"},
    {file = "protobuf-5.29.1-cp38-abi3-macosx_10_9_universal2.whl", hash = "sha256:d473655e29c0c4bbf8b69e9a8fb54645bc289dead6d753b952e7aa660254ae18"},
    {file = "protobuf-5.29.1-cp38-abi3-manylinux2014_aarch64.whl", hash = "sha256:b5ba1d0e4c8a40ae0496d0e2ecfdbb82e1776928a205106d14ad6985a09ec155"},
    {file = "protobuf-5.29.1-cp38-abi3-manylinux2014_x86_64.whl", hash = "sha256:8ee1461b3af56145aca2800e6a3e2f928108c749ba8feccc6f5dd0062c410c0d"},
    {file = "protobuf-5.29.1-cp38-cp38-win32.whl", hash = "sha256:50879eb0eb1246e3a5eabbbe566b44b10348939b7cc1b267567e8c3d07213853"},
    {file = "protobuf-5.29.1-cp38-cp38-win_amd64.whl", hash = "sha256:027fbcc48cea65a6b17028510fdd054147057fa78f4772eb547b9274e5219331"},
    {file = "protobuf-5.29.1-cp39-cp39-win32.whl", hash = "sha256:5a41deccfa5e745cef5c65a560c76ec0ed8e70908a67cc8f4da5fce588b50d57"},
    {file = "protobuf-5.29.1-cp39-cp39-win_amd64.whl", hash = "sha256:012ce28d862ff417fd629285aca5d9772807f15ceb1a0dbd15b88f58c776c98c"},
    {file = "protobuf-5.29.1-py3-none-any.whl", hash = "sha256:32600ddb9c2a53dedc25b8581ea0f1fd8ea04956373c0c07577ce58d312522e0"},
    {file = "protobuf-5.29.1.tar.gz", hash = "sha256:683be02ca21a6ffe80db6dd02c0b5b2892322c59ca57fd6c872d652cb80549cb"},
]

[metadata]
lock-version = "2.0"
python-versions = "^3.11"
content-hash = "3b702533636c3eff445c6caef67286526c914126de237e3bc5991b0d848aa8f4"
